// !$*UTF8*$!
{
	archiveVersion = 1;
	classes = {
	};
	objectVersion = 46;
	objects = {

/* Begin PBXBuildFile section */
		4C122EA81BC9FED400FDA631 /* MovieDetailsViewController.m in Sources */ = {isa = PBXBuildFile; fileRef = 4C122EA71BC9FED400FDA631 /* MovieDetailsViewController.m */; settings = {ASSET_TAGS = (); }; };
		4C4498001BC9A40D00711985 /* Movie.m in Sources */ = {isa = PBXBuildFile; fileRef = 4C4497FF1BC9A40D00711985 /* Movie.m */; settings = {ASSET_TAGS = (); }; };
		4C4498041BC9ADEC00711985 /* MovieDataSource.m in Sources */ = {isa = PBXBuildFile; fileRef = 4C4498031BC9ADEC00711985 /* MovieDataSource.m */; settings = {ASSET_TAGS = (); }; };
		4C4498081BC9B33A00711985 /* MovieTableViewCell.m in Sources */ = {isa = PBXBuildFile; fileRef = 4C4498071BC9B33A00711985 /* MovieTableViewCell.m */; settings = {ASSET_TAGS = (); }; };
		4C4592D01BCB383A002E45D4 /* Reachability.m in Sources */ = {isa = PBXBuildFile; fileRef = 4C4592CF1BCB383A002E45D4 /* Reachability.m */; settings = {ASSET_TAGS = (); }; };
		4C4592D21BCB3861002E45D4 /* SystemConfiguration.framework in Frameworks */ = {isa = PBXBuildFile; fileRef = 4C4592D11BCB3861002E45D4 /* SystemConfiguration.framework */; };
		4CF75C911BC7842100087927 /* main.m in Sources */ = {isa = PBXBuildFile; fileRef = 4CF75C901BC7842100087927 /* main.m */; };
		4CF75C941BC7842100087927 /* AppDelegate.m in Sources */ = {isa = PBXBuildFile; fileRef = 4CF75C931BC7842100087927 /* AppDelegate.m */; };
		4CF75C971BC7842100087927 /* ViewController.m in Sources */ = {isa = PBXBuildFile; fileRef = 4CF75C961BC7842100087927 /* ViewController.m */; };
		4CF75C9A1BC7842200087927 /* Main.storyboard in Resources */ = {isa = PBXBuildFile; fileRef = 4CF75C981BC7842200087927 /* Main.storyboard */; };
		4CF75C9D1BC7842200087927 /* Fresh_Tomatoes.xcdatamodeld in Sources */ = {isa = PBXBuildFile; fileRef = 4CF75C9B1BC7842200087927 /* Fresh_Tomatoes.xcdatamodeld */; };
		4CF75C9F1BC7842200087927 /* Assets.xcassets in Resources */ = {isa = PBXBuildFile; fileRef = 4CF75C9E1BC7842200087927 /* Assets.xcassets */; };
		4CF75CA21BC7842200087927 /* LaunchScreen.storyboard in Resources */ = {isa = PBXBuildFile; fileRef = 4CF75CA01BC7842200087927 /* LaunchScreen.storyboard */; };
		4CF75CAD1BC7842200087927 /* Fresh_TomatoesTests.m in Sources */ = {isa = PBXBuildFile; fileRef = 4CF75CAC1BC7842200087927 /* Fresh_TomatoesTests.m */; };
		4CF75CB81BC7842200087927 /* Fresh_TomatoesUITests.m in Sources */ = {isa = PBXBuildFile; fileRef = 4CF75CB71BC7842200087927 /* Fresh_TomatoesUITests.m */; };
		4CF75CCF1BC78C3E00087927 /* RottenTomatoesAPI.m in Sources */ = {isa = PBXBuildFile; fileRef = 4CF75CCE1BC78C3E00087927 /* RottenTomatoesAPI.m */; settings = {ASSET_TAGS = (); }; };
/* End PBXBuildFile section */

/* Begin PBXContainerItemProxy section */
		4CF75CA91BC7842200087927 /* PBXContainerItemProxy */ = {
			isa = PBXContainerItemProxy;
			containerPortal = 4CF75C841BC7842100087927 /* Project object */;
			proxyType = 1;
			remoteGlobalIDString = 4CF75C8B1BC7842100087927;
			remoteInfo = "Fresh Tomatoes";
		};
		4CF75CB41BC7842200087927 /* PBXContainerItemProxy */ = {
			isa = PBXContainerItemProxy;
			containerPortal = 4CF75C841BC7842100087927 /* Project object */;
			proxyType = 1;
			remoteGlobalIDString = 4CF75C8B1BC7842100087927;
			remoteInfo = "Fresh Tomatoes";
		};
/* End PBXContainerItemProxy section */

/* Begin PBXFileReference section */
		4C122EA61BC9FED400FDA631 /* MovieDetailsViewController.h */ = {isa = PBXFileReference; fileEncoding = 4; lastKnownFileType = sourcecode.c.h; path = MovieDetailsViewController.h; sourceTree = "<group>"; };
		4C122EA71BC9FED400FDA631 /* MovieDetailsViewController.m */ = {isa = PBXFileReference; fileEncoding = 4; lastKnownFileType = sourcecode.c.objc; path = MovieDetailsViewController.m; sourceTree = "<group>"; };
		4C4497FE1BC9A40D00711985 /* Movie.h */ = {isa = PBXFileReference; fileEncoding = 4; lastKnownFileType = sourcecode.c.h; path = Movie.h; sourceTree = "<group>"; };
		4C4497FF1BC9A40D00711985 /* Movie.m */ = {isa = PBXFileReference; fileEncoding = 4; lastKnownFileType = sourcecode.c.objc; path = Movie.m; sourceTree = "<group>"; };
		4C4498021BC9ADEC00711985 /* MovieDataSource.h */ = {isa = PBXFileReference; fileEncoding = 4; lastKnownFileType = sourcecode.c.h; path = MovieDataSource.h; sourceTree = "<group>"; };
		4C4498031BC9ADEC00711985 /* MovieDataSource.m */ = {isa = PBXFileReference; fileEncoding = 4; lastKnownFileType = sourcecode.c.objc; path = MovieDataSource.m; sourceTree = "<group>"; };
		4C4498061BC9B33A00711985 /* MovieTableViewCell.h */ = {isa = PBXFileReference; fileEncoding = 4; lastKnownFileType = sourcecode.c.h; path = MovieTableViewCell.h; sourceTree = "<group>"; };
		4C4498071BC9B33A00711985 /* MovieTableViewCell.m */ = {isa = PBXFileReference; fileEncoding = 4; lastKnownFileType = sourcecode.c.objc; path = MovieTableViewCell.m; sourceTree = "<group>"; };
		4C4592CE1BCB383A002E45D4 /* Reachability.h */ = {isa = PBXFileReference; fileEncoding = 4; lastKnownFileType = sourcecode.c.h; path = Reachability.h; sourceTree = "<group>"; };
		4C4592CF1BCB383A002E45D4 /* Reachability.m */ = {isa = PBXFileReference; fileEncoding = 4; lastKnownFileType = sourcecode.c.objc; path = Reachability.m; sourceTree = "<group>"; };
		4C4592D11BCB3861002E45D4 /* SystemConfiguration.framework */ = {isa = PBXFileReference; lastKnownFileType = wrapper.framework; name = SystemConfiguration.framework; path = System/Library/Frameworks/SystemConfiguration.framework; sourceTree = SDKROOT; };
		4CF75C8C1BC7842100087927 /* Fresh Tomatoes.app */ = {isa = PBXFileReference; explicitFileType = wrapper.application; includeInIndex = 0; path = "Fresh Tomatoes.app"; sourceTree = BUILT_PRODUCTS_DIR; };
		4CF75C901BC7842100087927 /* main.m */ = {isa = PBXFileReference; lastKnownFileType = sourcecode.c.objc; path = main.m; sourceTree = "<group>"; };
		4CF75C921BC7842100087927 /* AppDelegate.h */ = {isa = PBXFileReference; lastKnownFileType = sourcecode.c.h; path = AppDelegate.h; sourceTree = "<group>"; };
		4CF75C931BC7842100087927 /* AppDelegate.m */ = {isa = PBXFileReference; lastKnownFileType = sourcecode.c.objc; path = AppDelegate.m; sourceTree = "<group>"; };
		4CF75C951BC7842100087927 /* ViewController.h */ = {isa = PBXFileReference; lastKnownFileType = sourcecode.c.h; path = ViewController.h; sourceTree = "<group>"; };
		4CF75C961BC7842100087927 /* ViewController.m */ = {isa = PBXFileReference; lastKnownFileType = sourcecode.c.objc; path = ViewController.m; sourceTree = "<group>"; };
		4CF75C991BC7842200087927 /* Base */ = {isa = PBXFileReference; lastKnownFileType = file.storyboard; name = Base; path = Base.lproj/Main.storyboard; sourceTree = "<group>"; };
		4CF75C9C1BC7842200087927 /* Fresh_Tomatoes.xcdatamodel */ = {isa = PBXFileReference; lastKnownFileType = wrapper.xcdatamodel; path = Fresh_Tomatoes.xcdatamodel; sourceTree = "<group>"; };
		4CF75C9E1BC7842200087927 /* Assets.xcassets */ = {isa = PBXFileReference; lastKnownFileType = folder.assetcatalog; path = Assets.xcassets; sourceTree = "<group>"; };
		4CF75CA11BC7842200087927 /* Base */ = {isa = PBXFileReference; lastKnownFileType = file.storyboard; name = Base; path = Base.lproj/LaunchScreen.storyboard; sourceTree = "<group>"; };
		4CF75CA31BC7842200087927 /* Info.plist */ = {isa = PBXFileReference; lastKnownFileType = text.plist.xml; path = Info.plist; sourceTree = "<group>"; };
		4CF75CA81BC7842200087927 /* Fresh TomatoesTests.xctest */ = {isa = PBXFileReference; explicitFileType = wrapper.cfbundle; includeInIndex = 0; path = "Fresh TomatoesTests.xctest"; sourceTree = BUILT_PRODUCTS_DIR; };
		4CF75CAC1BC7842200087927 /* Fresh_TomatoesTests.m */ = {isa = PBXFileReference; lastKnownFileType = sourcecode.c.objc; path = Fresh_TomatoesTests.m; sourceTree = "<group>"; };
		4CF75CAE1BC7842200087927 /* Info.plist */ = {isa = PBXFileReference; lastKnownFileType = text.plist.xml; path = Info.plist; sourceTree = "<group>"; };
		4CF75CB31BC7842200087927 /* Fresh TomatoesUITests.xctest */ = {isa = PBXFileReference; explicitFileType = wrapper.cfbundle; includeInIndex = 0; path = "Fresh TomatoesUITests.xctest"; sourceTree = BUILT_PRODUCTS_DIR; };
		4CF75CB71BC7842200087927 /* Fresh_TomatoesUITests.m */ = {isa = PBXFileReference; lastKnownFileType = sourcecode.c.objc; path = Fresh_TomatoesUITests.m; sourceTree = "<group>"; };
		4CF75CB91BC7842200087927 /* Info.plist */ = {isa = PBXFileReference; lastKnownFileType = text.plist.xml; path = Info.plist; sourceTree = "<group>"; };
		4CF75CC91BC7893B00087927 /* application-properties.h */ = {isa = PBXFileReference; fileEncoding = 4; lastKnownFileType = sourcecode.c.h; path = "application-properties.h"; sourceTree = "<group>"; };
		4CF75CCD1BC78C3E00087927 /* RottenTomatoesAPI.h */ = {isa = PBXFileReference; fileEncoding = 4; lastKnownFileType = sourcecode.c.h; path = RottenTomatoesAPI.h; sourceTree = "<group>"; };
		4CF75CCE1BC78C3E00087927 /* RottenTomatoesAPI.m */ = {isa = PBXFileReference; fileEncoding = 4; lastKnownFileType = sourcecode.c.objc; path = RottenTomatoesAPI.m; sourceTree = "<group>"; };
/* End PBXFileReference section */

/* Begin PBXFrameworksBuildPhase section */
		4CF75C891BC7842100087927 /* Frameworks */ = {
			isa = PBXFrameworksBuildPhase;
			buildActionMask = 2147483647;
			files = (
				4C4592D21BCB3861002E45D4 /* SystemConfiguration.framework in Frameworks */,
			);
			runOnlyForDeploymentPostprocessing = 0;
		};
		4CF75CA51BC7842200087927 /* Frameworks */ = {
			isa = PBXFrameworksBuildPhase;
			buildActionMask = 2147483647;
			files = (
			);
			runOnlyForDeploymentPostprocessing = 0;
		};
		4CF75CB01BC7842200087927 /* Frameworks */ = {
			isa = PBXFrameworksBuildPhase;
			buildActionMask = 2147483647;
			files = (
			);
			runOnlyForDeploymentPostprocessing = 0;
		};
/* End PBXFrameworksBuildPhase section */

/* Begin PBXGroup section */
		4C4498011BC9AD5F00711985 /* Datasource */ = {
			isa = PBXGroup;
			children = (
				4C4498021BC9ADEC00711985 /* MovieDataSource.h */,
				4C4498031BC9ADEC00711985 /* MovieDataSource.m */,
			);
			name = Datasource;
			sourceTree = "<group>";
		};
		4C4498051BC9B30400711985 /* CustomViews */ = {
			isa = PBXGroup;
			children = (
				4C4498061BC9B33A00711985 /* MovieTableViewCell.h */,
				4C4498071BC9B33A00711985 /* MovieTableViewCell.m */,
			);
			name = CustomViews;
			sourceTree = "<group>";
		};
		4C4592CD1BCB3825002E45D4 /* Reachability */ = {
			isa = PBXGroup;
			children = (
				4C4592CE1BCB383A002E45D4 /* Reachability.h */,
				4C4592CF1BCB383A002E45D4 /* Reachability.m */,
			);
			name = Reachability;
			sourceTree = "<group>";
		};
		4CF75C831BC7842100087927 = {
			isa = PBXGroup;
			children = (
				4C4592D11BCB3861002E45D4 /* SystemConfiguration.framework */,
				4CF75C8E1BC7842100087927 /* Fresh Tomatoes */,
				4CF75CAB1BC7842200087927 /* Fresh TomatoesTests */,
				4CF75CB61BC7842200087927 /* Fresh TomatoesUITests */,
				4CF75C8D1BC7842100087927 /* Products */,
			);
			sourceTree = "<group>";
		};
		4CF75C8D1BC7842100087927 /* Products */ = {
			isa = PBXGroup;
			children = (
				4CF75C8C1BC7842100087927 /* Fresh Tomatoes.app */,
				4CF75CA81BC7842200087927 /* Fresh TomatoesTests.xctest */,
				4CF75CB31BC7842200087927 /* Fresh TomatoesUITests.xctest */,
			);
			name = Products;
			sourceTree = "<group>";
		};
		4CF75C8E1BC7842100087927 /* Fresh Tomatoes */ = {
			isa = PBXGroup;
			children = (
				4C4592CD1BCB3825002E45D4 /* Reachability */,
				4C4498051BC9B30400711985 /* CustomViews */,
				4C4498011BC9AD5F00711985 /* Datasource */,
				4CF75CCA1BC7898600087927 /* APIs */,
				4CF75CC81BC7887300087927 /* Models */,
				4CF75CC71BC7876D00087927 /* Views */,
				4CF75CC61BC7875F00087927 /* Delegates */,
				4CF75CC51BC7874500087927 /* ViewControllers */,
				4CF75C9E1BC7842200087927 /* Assets.xcassets */,
				4CF75CA31BC7842200087927 /* Info.plist */,
				4CF75C9B1BC7842200087927 /* Fresh_Tomatoes.xcdatamodeld */,
				4CF75C8F1BC7842100087927 /* Supporting Files */,
				4CF75CC91BC7893B00087927 /* application-properties.h */,
			);
			path = "Fresh Tomatoes";
			sourceTree = "<group>";
		};
		4CF75C8F1BC7842100087927 /* Supporting Files */ = {
			isa = PBXGroup;
			children = (
				4CF75C901BC7842100087927 /* main.m */,
			);
			name = "Supporting Files";
			sourceTree = "<group>";
		};
		4CF75CAB1BC7842200087927 /* Fresh TomatoesTests */ = {
			isa = PBXGroup;
			children = (
				4CF75CAC1BC7842200087927 /* Fresh_TomatoesTests.m */,
				4CF75CAE1BC7842200087927 /* Info.plist */,
			);
			path = "Fresh TomatoesTests";
			sourceTree = "<group>";
		};
		4CF75CB61BC7842200087927 /* Fresh TomatoesUITests */ = {
			isa = PBXGroup;
			children = (
				4CF75CB71BC7842200087927 /* Fresh_TomatoesUITests.m */,
				4CF75CB91BC7842200087927 /* Info.plist */,
			);
			path = "Fresh TomatoesUITests";
			sourceTree = "<group>";
		};
		4CF75CC51BC7874500087927 /* ViewControllers */ = {
			isa = PBXGroup;
			children = (
				4CF75C951BC7842100087927 /* ViewController.h */,
				4CF75C961BC7842100087927 /* ViewController.m */,
				4C122EA61BC9FED400FDA631 /* MovieDetailsViewController.h */,
				4C122EA71BC9FED400FDA631 /* MovieDetailsViewController.m */,
			);
			name = ViewControllers;
			sourceTree = "<group>";
		};
		4CF75CC61BC7875F00087927 /* Delegates */ = {
			isa = PBXGroup;
			children = (
				4CF75C921BC7842100087927 /* AppDelegate.h */,
				4CF75C931BC7842100087927 /* AppDelegate.m */,
			);
			name = Delegates;
			sourceTree = "<group>";
		};
		4CF75CC71BC7876D00087927 /* Views */ = {
			isa = PBXGroup;
			children = (
				4CF75C981BC7842200087927 /* Main.storyboard */,
				4CF75CA01BC7842200087927 /* LaunchScreen.storyboard */,
			);
			name = Views;
			sourceTree = "<group>";
		};
		4CF75CC81BC7887300087927 /* Models */ = {
			isa = PBXGroup;
			children = (
				4C4497FE1BC9A40D00711985 /* Movie.h */,
				4C4497FF1BC9A40D00711985 /* Movie.m */,
			);
			name = Models;
			sourceTree = "<group>";
		};
		4CF75CCA1BC7898600087927 /* APIs */ = {
			isa = PBXGroup;
			children = (
				4CF75CCD1BC78C3E00087927 /* RottenTomatoesAPI.h */,
				4CF75CCE1BC78C3E00087927 /* RottenTomatoesAPI.m */,
			);
			name = APIs;
			sourceTree = "<group>";
		};
/* End PBXGroup section */

/* Begin PBXNativeTarget section */
		4CF75C8B1BC7842100087927 /* Fresh Tomatoes */ = {
			isa = PBXNativeTarget;
			buildConfigurationList = 4CF75CBC1BC7842200087927 /* Build configuration list for PBXNativeTarget "Fresh Tomatoes" */;
			buildPhases = (
				4CF75C881BC7842100087927 /* Sources */,
				4CF75C891BC7842100087927 /* Frameworks */,
				4CF75C8A1BC7842100087927 /* Resources */,
			);
			buildRules = (
			);
			dependencies = (
			);
			name = "Fresh Tomatoes";
			productName = "Fresh Tomatoes";
			productReference = 4CF75C8C1BC7842100087927 /* Fresh Tomatoes.app */;
			productType = "com.apple.product-type.application";
		};
		4CF75CA71BC7842200087927 /* Fresh TomatoesTests */ = {
			isa = PBXNativeTarget;
			buildConfigurationList = 4CF75CBF1BC7842200087927 /* Build configuration list for PBXNativeTarget "Fresh TomatoesTests" */;
			buildPhases = (
				4CF75CA41BC7842200087927 /* Sources */,
				4CF75CA51BC7842200087927 /* Frameworks */,
				4CF75CA61BC7842200087927 /* Resources */,
			);
			buildRules = (
			);
			dependencies = (
				4CF75CAA1BC7842200087927 /* PBXTargetDependency */,
			);
			name = "Fresh TomatoesTests";
			productName = "Fresh TomatoesTests";
			productReference = 4CF75CA81BC7842200087927 /* Fresh TomatoesTests.xctest */;
			productType = "com.apple.product-type.bundle.unit-test";
		};
		4CF75CB21BC7842200087927 /* Fresh TomatoesUITests */ = {
			isa = PBXNativeTarget;
			buildConfigurationList = 4CF75CC21BC7842200087927 /* Build configuration list for PBXNativeTarget "Fresh TomatoesUITests" */;
			buildPhases = (
				4CF75CAF1BC7842200087927 /* Sources */,
				4CF75CB01BC7842200087927 /* Frameworks */,
				4CF75CB11BC7842200087927 /* Resources */,
			);
			buildRules = (
			);
			dependencies = (
				4CF75CB51BC7842200087927 /* PBXTargetDependency */,
			);
			name = "Fresh TomatoesUITests";
			productName = "Fresh TomatoesUITests";
			productReference = 4CF75CB31BC7842200087927 /* Fresh TomatoesUITests.xctest */;
			productType = "com.apple.product-type.bundle.ui-testing";
		};
/* End PBXNativeTarget section */

/* Begin PBXProject section */
		4CF75C841BC7842100087927 /* Project object */ = {
			isa = PBXProject;
			attributes = {
				LastUpgradeCheck = 0700;
				ORGANIZATIONNAME = "Michael Hari";
				TargetAttributes = {
					4CF75C8B1BC7842100087927 = {
						CreatedOnToolsVersion = 7.0.1;
					};
					4CF75CA71BC7842200087927 = {
						CreatedOnToolsVersion = 7.0.1;
						TestTargetID = 4CF75C8B1BC7842100087927;
					};
					4CF75CB21BC7842200087927 = {
						CreatedOnToolsVersion = 7.0.1;
						TestTargetID = 4CF75C8B1BC7842100087927;
					};
				};
			};
			buildConfigurationList = 4CF75C871BC7842100087927 /* Build configuration list for PBXProject "Fresh Tomatoes" */;
			compatibilityVersion = "Xcode 3.2";
			developmentRegion = English;
			hasScannedForEncodings = 0;
			knownRegions = (
				en,
				Base,
			);
			mainGroup = 4CF75C831BC7842100087927;
			productRefGroup = 4CF75C8D1BC7842100087927 /* Products */;
			projectDirPath = "";
			projectRoot = "";
			targets = (
				4CF75C8B1BC7842100087927 /* Fresh Tomatoes */,
				4CF75CA71BC7842200087927 /* Fresh TomatoesTests */,
				4CF75CB21BC7842200087927 /* Fresh TomatoesUITests */,
			);
		};
/* End PBXProject section */

/* Begin PBXResourcesBuildPhase section */
		4CF75C8A1BC7842100087927 /* Resources */ = {
			isa = PBXResourcesBuildPhase;
			buildActionMask = 2147483647;
			files = (
				4CF75CA21BC7842200087927 /* LaunchScreen.storyboard in Resources */,
				4CF75C9F1BC7842200087927 /* Assets.xcassets in Resources */,
				4CF75C9A1BC7842200087927 /* Main.storyboard in Resources */,
			);
			runOnlyForDeploymentPostprocessing = 0;
		};
		4CF75CA61BC7842200087927 /* Resources */ = {
			isa = PBXResourcesBuildPhase;
			buildActionMask = 2147483647;
			files = (
			);
			runOnlyForDeploymentPostprocessing = 0;
		};
		4CF75CB11BC7842200087927 /* Resources */ = {
			isa = PBXResourcesBuildPhase;
			buildActionMask = 2147483647;
			files = (
			);
			runOnlyForDeploymentPostprocessing = 0;
		};
/* End PBXResourcesBuildPhase section */

/* Begin PBXSourcesBuildPhase section */
		4CF75C881BC7842100087927 /* Sources */ = {
			isa = PBXSourcesBuildPhase;
			buildActionMask = 2147483647;
			files = (
				4C4498001BC9A40D00711985 /* Movie.m in Sources */,
				4C122EA81BC9FED400FDA631 /* MovieDetailsViewController.m in Sources */,
				4CF75C971BC7842100087927 /* ViewController.m in Sources */,
				4C4498081BC9B33A00711985 /* MovieTableViewCell.m in Sources */,
				4C4592D01BCB383A002E45D4 /* Reachability.m in Sources */,
				4CF75C941BC7842100087927 /* AppDelegate.m in Sources */,
				4CF75CCF1BC78C3E00087927 /* RottenTomatoesAPI.m in Sources */,
				4C4498041BC9ADEC00711985 /* MovieDataSource.m in Sources */,
				4CF75C9D1BC7842200087927 /* Fresh_Tomatoes.xcdatamodeld in Sources */,
				4CF75C911BC7842100087927 /* main.m in Sources */,
			);
			runOnlyForDeploymentPostprocessing = 0;
		};
		4CF75CA41BC7842200087927 /* Sources */ = {
			isa = PBXSourcesBuildPhase;
			buildActionMask = 2147483647;
			files = (
				4CF75CAD1BC7842200087927 /* Fresh_TomatoesTests.m in Sources */,
			);
			runOnlyForDeploymentPostprocessing = 0;
		};
		4CF75CAF1BC7842200087927 /* Sources */ = {
			isa = PBXSourcesBuildPhase;
			buildActionMask = 2147483647;
			files = (
				4CF75CB81BC7842200087927 /* Fresh_TomatoesUITests.m in Sources */,
			);
			runOnlyForDeploymentPostprocessing = 0;
		};
/* End PBXSourcesBuildPhase section */

/* Begin PBXTargetDependency section */
		4CF75CAA1BC7842200087927 /* PBXTargetDependency */ = {
			isa = PBXTargetDependency;
			target = 4CF75C8B1BC7842100087927 /* Fresh Tomatoes */;
			targetProxy = 4CF75CA91BC7842200087927 /* PBXContainerItemProxy */;
		};
		4CF75CB51BC7842200087927 /* PBXTargetDependency */ = {
			isa = PBXTargetDependency;
			target = 4CF75C8B1BC7842100087927 /* Fresh Tomatoes */;
			targetProxy = 4CF75CB41BC7842200087927 /* PBXContainerItemProxy */;
		};
/* End PBXTargetDependency section */

/* Begin PBXVariantGroup section */
		4CF75C981BC7842200087927 /* Main.storyboard */ = {
			isa = PBXVariantGroup;
			children = (
				4CF75C991BC7842200087927 /* Base */,
			);
			name = Main.storyboard;
			sourceTree = "<group>";
		};
		4CF75CA01BC7842200087927 /* LaunchScreen.storyboard */ = {
			isa = PBXVariantGroup;
			children = (
				4CF75CA11BC7842200087927 /* Base */,
			);
			name = LaunchScreen.storyboard;
			sourceTree = "<group>";
		};
/* End PBXVariantGroup section */

/* Begin XCBuildConfiguration section */
		4CF75CBA1BC7842200087927 /* Debug */ = {
			isa = XCBuildConfiguration;
			buildSettings = {
				ALWAYS_SEARCH_USER_PATHS = NO;
				CLANG_CXX_LANGUAGE_STANDARD = "gnu++0x";
				CLANG_CXX_LIBRARY = "libc++";
				CLANG_ENABLE_MODULES = YES;
				CLANG_ENABLE_OBJC_ARC = YES;
				CLANG_WARN_BOOL_CONVERSION = YES;
				CLANG_WARN_CONSTANT_CONVERSION = YES;
				CLANG_WARN_DIRECT_OBJC_ISA_USAGE = YES_ERROR;
				CLANG_WARN_EMPTY_BODY = YES;
				CLANG_WARN_ENUM_CONVERSION = YES;
				CLANG_WARN_INT_CONVERSION = YES;
				CLANG_WARN_OBJC_ROOT_CLASS = YES_ERROR;
				CLANG_WARN_UNREACHABLE_CODE = YES;
				CLANG_WARN__DUPLICATE_METHOD_MATCH = YES;
				"CODE_SIGN_IDENTITY[sdk=iphoneos*]" = "iPhone Developer";
				COPY_PHASE_STRIP = NO;
				DEBUG_INFORMATION_FORMAT = dwarf;
				ENABLE_STRICT_OBJC_MSGSEND = YES;
				ENABLE_TESTABILITY = YES;
				GCC_C_LANGUAGE_STANDARD = gnu99;
				GCC_DYNAMIC_NO_PIC = NO;
				GCC_NO_COMMON_BLOCKS = YES;
				GCC_OPTIMIZATION_LEVEL = 0;
				GCC_PREPROCESSOR_DEFINITIONS = (
					"DEBUG=1",
					"$(inherited)",
				);
				GCC_WARN_64_TO_32_BIT_CONVERSION = YES;
				GCC_WARN_ABOUT_RETURN_TYPE = YES_ERROR;
				GCC_WARN_UNDECLARED_SELECTOR = YES;
				GCC_WARN_UNINITIALIZED_AUTOS = YES_AGGRESSIVE;
				GCC_WARN_UNUSED_FUNCTION = YES;
				GCC_WARN_UNUSED_VARIABLE = YES;
				IPHONEOS_DEPLOYMENT_TARGET = 9.0;
				MTL_ENABLE_DEBUG_INFO = YES;
				ONLY_ACTIVE_ARCH = YES;
				SDKROOT = iphoneos;
				TARGETED_DEVICE_FAMILY = "1,2";
			};
			name = Debug;
		};
		4CF75CBB1BC7842200087927 /* Release */ = {
			isa = XCBuildConfiguration;
			buildSettings = {
				ALWAYS_SEARCH_USER_PATHS = NO;
				CLANG_CXX_LANGUAGE_STANDARD = "gnu++0x";
				CLANG_CXX_LIBRARY = "libc++";
				CLANG_ENABLE_MODULES = YES;
				CLANG_ENABLE_OBJC_ARC = YES;
				CLANG_WARN_BOOL_CONVERSION = YES;
				CLANG_WARN_CONSTANT_CONVERSION = YES;
				CLANG_WARN_DIRECT_OBJC_ISA_USAGE = YES_ERROR;
				CLANG_WARN_EMPTY_BODY = YES;
				CLANG_WARN_ENUM_CONVERSION = YES;
				CLANG_WARN_INT_CONVERSION = YES;
				CLANG_WARN_OBJC_ROOT_CLASS = YES_ERROR;
				CLANG_WARN_UNREACHABLE_CODE = YES;
				CLANG_WARN__DUPLICATE_METHOD_MATCH = YES;
				"CODE_SIGN_IDENTITY[sdk=iphoneos*]" = "iPhone Developer";
				COPY_PHASE_STRIP = NO;
				DEBUG_INFORMATION_FORMAT = "dwarf-with-dsym";
				ENABLE_NS_ASSERTIONS = NO;
				ENABLE_STRICT_OBJC_MSGSEND = YES;
				GCC_C_LANGUAGE_STANDARD = gnu99;
				GCC_NO_COMMON_BLOCKS = YES;
				GCC_WARN_64_TO_32_BIT_CONVERSION = YES;
				GCC_WARN_ABOUT_RETURN_TYPE = YES_ERROR;
				GCC_WARN_UNDECLARED_SELECTOR = YES;
				GCC_WARN_UNINITIALIZED_AUTOS = YES_AGGRESSIVE;
				GCC_WARN_UNUSED_FUNCTION = YES;
				GCC_WARN_UNUSED_VARIABLE = YES;
				IPHONEOS_DEPLOYMENT_TARGET = 9.0;
				MTL_ENABLE_DEBUG_INFO = NO;
				SDKROOT = iphoneos;
				TARGETED_DEVICE_FAMILY = "1,2";
				VALIDATE_PRODUCT = YES;
			};
			name = Release;
		};
		4CF75CBD1BC7842200087927 /* Debug */ = {
			isa = XCBuildConfiguration;
			buildSettings = {
				ASSETCATALOG_COMPILER_APPICON_NAME = AppIcon;
				INFOPLIST_FILE = "Fresh Tomatoes/Info.plist";
				LD_RUNPATH_SEARCH_PATHS = "$(inherited) @executable_path/Frameworks";
				PRODUCT_BUNDLE_IDENTIFIER = "com.mhari.Fresh-Tomatoes";
				PRODUCT_NAME = "$(TARGET_NAME)";
			};
			name = Debug;
		};
		4CF75CBE1BC7842200087927 /* Release */ = {
			isa = XCBuildConfiguration;
			buildSettings = {
				ASSETCATALOG_COMPILER_APPICON_NAME = AppIcon;
				INFOPLIST_FILE = "Fresh Tomatoes/Info.plist";
				LD_RUNPATH_SEARCH_PATHS = "$(inherited) @executable_path/Frameworks";
				PRODUCT_BUNDLE_IDENTIFIER = "com.mhari.Fresh-Tomatoes";
				PRODUCT_NAME = "$(TARGET_NAME)";
			};
			name = Release;
		};
		4CF75CC01BC7842200087927 /* Debug */ = {
			isa = XCBuildConfiguration;
			buildSettings = {
				BUNDLE_LOADER = "$(TEST_HOST)";
				INFOPLIST_FILE = "Fresh TomatoesTests/Info.plist";
				LD_RUNPATH_SEARCH_PATHS = "$(inherited) @executable_path/Frameworks @loader_path/Frameworks";
				PRODUCT_BUNDLE_IDENTIFIER = "com.mhari.Fresh-TomatoesTests";
				PRODUCT_NAME = "$(TARGET_NAME)";
				TEST_HOST = "$(BUILT_PRODUCTS_DIR)/Fresh Tomatoes.app/Fresh Tomatoes";
			};
			name = Debug;
		};
		4CF75CC11BC7842200087927 /* Release */ = {
			isa = XCBuildConfiguration;
			buildSettings = {
				BUNDLE_LOADER = "$(TEST_HOST)";
				INFOPLIST_FILE = "Fresh TomatoesTests/Info.plist";
				LD_RUNPATH_SEARCH_PATHS = "$(inherited) @executable_path/Frameworks @loader_path/Frameworks";
				PRODUCT_BUNDLE_IDENTIFIER = "com.mhari.Fresh-TomatoesTests";
				PRODUCT_NAME = "$(TARGET_NAME)";
				TEST_HOST = "$(BUILT_PRODUCTS_DIR)/Fresh Tomatoes.app/Fresh Tomatoes";
			};
			name = Release;
		};
		4CF75CC31BC7842200087927 /* Debug */ = {
			isa = XCBuildConfiguration;
			buildSettings = {
				INFOPLIST_FILE = "Fresh TomatoesUITests/Info.plist";
				LD_RUNPATH_SEARCH_PATHS = "$(inherited) @executable_path/Frameworks @loader_path/Frameworks";
				PRODUCT_BUNDLE_IDENTIFIER = "com.mhari.Fresh-TomatoesUITests";
				PRODUCT_NAME = "$(TARGET_NAME)";
				TEST_TARGET_NAME = "Fresh Tomatoes";
				USES_XCTRUNNER = YES;
			};
			name = Debug;
		};
		4CF75CC41BC7842200087927 /* Release */ = {
			isa = XCBuildConfiguration;
			buildSettings = {
				INFOPLIST_FILE = "Fresh TomatoesUITests/Info.plist";
				LD_RUNPATH_SEARCH_PATHS = "$(inherited) @executable_path/Frameworks @loader_path/Frameworks";
				PRODUCT_BUNDLE_IDENTIFIER = "com.mhari.Fresh-TomatoesUITests";
				PRODUCT_NAME = "$(TARGET_NAME)";
				TEST_TARGET_NAME = "Fresh Tomatoes";
				USES_XCTRUNNER = YES;
			};
			name = Release;
		};
/* End XCBuildConfiguration section */

/* Begin XCConfigurationList section */
		4CF75C871BC7842100087927 /* Build configuration list for PBXProject "Fresh Tomatoes" */ = {
			isa = XCConfigurationList;
			buildConfigurations = (
				4CF75CBA1BC7842200087927 /* Debug */,
				4CF75CBB1BC7842200087927 /* Release */,
			);
			defaultConfigurationIsVisible = 0;
			defaultConfigurationName = Release;
		};
		4CF75CBC1BC7842200087927 /* Build configuration list for PBXNativeTarget "Fresh Tomatoes" */ = {
			isa = XCConfigurationList;
			buildConfigurations = (
				4CF75CBD1BC7842200087927 /* Debug */,
				4CF75CBE1BC7842200087927 /* Release */,
			);
			defaultConfigurationIsVisible = 0;
			defaultConfigurationName = Release;
		};
		4CF75CBF1BC7842200087927 /* Build configuration list for PBXNativeTarget "Fresh TomatoesTests" */ = {
			isa = XCConfigurationList;
			buildConfigurations = (
				4CF75CC01BC7842200087927 /* Debug */,
				4CF75CC11BC7842200087927 /* Release */,
			);
			defaultConfigurationIsVisible = 0;
			defaultConfigurationName = Release;
		};
		4CF75CC21BC7842200087927 /* Build configuration list for PBXNativeTarget "Fresh TomatoesUITests" */ = {
			isa = XCConfigurationList;
			buildConfigurations = (
				4CF75CC31BC7842200087927 /* Debug */,
				4CF75CC41BC7842200087927 /* Release */,
			);
			defaultConfigurationIsVisible = 0;
			defaultConfigurationName = Release;
		};
/* End XCConfigurationList section */

/* Begin XCVersionGroup section */
		4CF75C9B1BC7842200087927 /* Fresh_Tomatoes.xcdatamodeld */ = {
			isa = XCVersionGroup;
			children = (
				4CF75C9C1BC7842200087927 /* Fresh_Tomatoes.xcdatamodel */,
			);
			currentVersion = 4CF75C9C1BC7842200087927 /* Fresh_Tomatoes.xcdatamodel */;
			path = Fresh_Tomatoes.xcdatamodeld;
			sourceTree = "<group>";
			versionGroupType = wrapper.xcdatamodel;
		};
/* End XCVersionGroup section */
	};
	rootObject = 4CF75C841BC7842100087927 /* Project object */;
}
